
Microsoft Visual Studio Solution File, Format Version 12.00
# Visual Studio Version 16
VisualStudioVersion = 16.0.29326.143
MinimumVisualStudioVersion = 10.0.40219.1
Project("{E24C65DC-7377-472B-9ABA-BC803B73C61A}") = "Web", "Web\", "{2B5A08AD-9F5B-4237-959E-F0DBD82F0C14}"
	ProjectSection(WebsiteProperties) = preProject
		TargetFrameworkMoniker = ".NETFramework,Version%3Dv4.5"
		ProjectReferences = ""
		Debug.AspNetCompiler.VirtualPath = "/Web"
		Debug.AspNetCompiler.PhysicalPath = "Web\"
		Debug.AspNetCompiler.TargetPath = "PrecompiledWeb\Web\"
		Debug.AspNetCompiler.Updateable = "true"
		Debug.AspNetCompiler.ForceOverwrite = "true"
		Debug.AspNetCompiler.FixedNames = "false"
		Debug.AspNetCompiler.Debug = "True"
		Release.AspNetCompiler.VirtualPath = "/Web"
		Release.AspNetCompiler.PhysicalPath = "Web\"
		Release.AspNetCompiler.TargetPath = "PrecompiledWeb\Web\"
		Release.AspNetCompiler.Updateable = "true"
		Release.AspNetCompiler.ForceOverwrite = "true"
		Release.AspNetCompiler.FixedNames = "false"
		Release.AspNetCompiler.Debug = "False"
		VWDPort = "58830"
		DefaultWebSiteLanguage = "Visual C#"
	EndProjectSection
EndProject
Global
	GlobalSection(SolutionConfigurationPlatforms) = preSolution
		Debug|.NET = Debug|.NET
		Debug|Any CPU = Debug|Any CPU
		Debug|Mixed Platforms = Debug|Mixed Platforms
		Release|.NET = Release|.NET
		Release|Any CPU = Release|Any CPU
		Release|Mixed Platforms = Release|Mixed Platforms
	EndGlobalSection
	GlobalSection(ProjectConfigurationPlatforms) = postSolution
		{2B5A08AD-9F5B-4237-959E-F0DBD82F0C14}.Debug|.NET.ActiveCfg = Debug|Any CPU
		{2B5A08AD-9F5B-4237-959E-F0DBD82F0C14}.Debug|Any CPU.ActiveCfg = Debug|Any CPU
		{2B5A08AD-9F5B-4237-959E-F0DBD82F0C14}.Debug|Any CPU.Build.0 = Debug|Any CPU
		{2B5A08AD-9F5B-4237-959E-F0DBD82F0C14}.Debug|Mixed Platforms.ActiveCfg = Debug|Any CPU
		{2B5A08AD-9F5B-4237-959E-F0DBD82F0C14}.Debug|Mixed Platforms.Build.0 = Debug|Any CPU
		{2B5A08AD-9F5B-4237-959E-F0DBD82F0C14}.Release|.NET.ActiveCfg = Debug|Any CPU
		{2B5A08AD-9F5B-4237-959E-F0DBD82F0C14}.Release|Any CPU.ActiveCfg = Debug|Any CPU
		{2B5A08AD-9F5B-4237-959E-F0DBD82F0C14}.Release|Any CPU.Build.0 = Debug|Any CPU
		{2B5A08AD-9F5B-4237-959E-F0DBD82F0C14}.Release|Mixed Platforms.ActiveCfg = Debug|Any CPU
		{2B5A08AD-9F5B-4237-959E-F0DBD82F0C14}.Release|Mixed Platforms.Build.0 = Debug|Any CPU
	EndGlobalSection
	GlobalSection(SolutionProperties) = preSolution
		HideSolutionNode = FALSE
	EndGlobalSection
	GlobalSection(ExtensibilityGlobals) = postSolution
		SolutionGuid = {72438A13-6A12-4BE6-896A-1F4689A7732D}
	EndGlobalSection
EndGlobal
